// !$*UTF8*$!
{
	archiveVersion = 1;
	classes = {
	};
	objectVersion = 46;
	objects = {

/* Begin PBXBuildFile section */
		9D1B3AE01AC4CBE200ADC015 /* AppDelegate.swift in Sources */ = {isa = PBXBuildFile; fileRef = 9D1B3ADF1AC4CBE200ADC015 /* AppDelegate.swift */; };
		9D1B3AE21AC4CBE200ADC015 /* ViewController.swift in Sources */ = {isa = PBXBuildFile; fileRef = 9D1B3AE11AC4CBE200ADC015 /* ViewController.swift */; };
		9D1B3AE51AC4CBE200ADC015 /* Main.storyboard in Resources */ = {isa = PBXBuildFile; fileRef = 9D1B3AE31AC4CBE200ADC015 /* Main.storyboard */; };
		9D1B3AE71AC4CBE200ADC015 /* Images.xcassets in Resources */ = {isa = PBXBuildFile; fileRef = 9D1B3AE61AC4CBE200ADC015 /* Images.xcassets */; };
		9D1B3AEA1AC4CBE200ADC015 /* LaunchScreen.xib in Resources */ = {isa = PBXBuildFile; fileRef = 9D1B3AE81AC4CBE200ADC015 /* LaunchScreen.xib */; };
		9D1B3AF61AC4CBE200ADC015 /* datePickTests.swift in Sources */ = {isa = PBXBuildFile; fileRef = 9D1B3AF51AC4CBE200ADC015 /* datePickTests.swift */; };
/* End PBXBuildFile section */

/* Begin PBXContainerItemProxy section */
		9D1B3AF01AC4CBE200ADC015 /* PBXContainerItemProxy */ = {
			isa = PBXContainerItemProxy;
			containerPortal = 9D1B3AD21AC4CBE200ADC015 /* Project object */;
			proxyType = 1;
			remoteGlobalIDString = 9D1B3AD91AC4CBE200ADC015;
			remoteInfo = datePick;
		};
/* End PBXContainerItemProxy section */

/* Begin PBXFileReference section */
		9D1B3ADA1AC4CBE200ADC015 /* datePick.app */ = {isa = PBXFileReference; explicitFileType = wrapper.application; includeInIndex = 0; path = datePick.app; sourceTree = BUILT_PRODUCTS_DIR; };
		9D1B3ADE1AC4CBE200ADC015 /* Info.plist */ = {isa = PBXFileReference; lastKnownFileType = text.plist.xml; path = Info.plist; sourceTree = "<group>"; };
		9D1B3ADF1AC4CBE200ADC015 /* AppDelegate.swift */ = {isa = PBXFileReference; lastKnownFileType = sourcecode.swift; path = AppDelegate.swift; sourceTree = "<group>"; };
		9D1B3AE11AC4CBE200ADC015 /* ViewController.swift */ = {isa = PBXFileReference; lastKnownFileType = sourcecode.swift; path = ViewController.swift; sourceTree = "<group>"; };
		9D1B3AE41AC4CBE200ADC015 /* Base */ = {isa = PBXFileReference; lastKnownFileType = file.storyboard; name = Base; path = Base.lproj/Main.storyboard; sourceTree = "<group>"; };
		9D1B3AE61AC4CBE200ADC015 /* Images.xcassets */ = {isa = PBXFileReference; lastKnownFileType = folder.assetcatalog; path = Images.xcassets; sourceTree = "<group>"; };
		9D1B3AE91AC4CBE200ADC015 /* Base */ = {isa = PBXFileReference; lastKnownFileType = file.xib; name = Base; path = Base.lproj/LaunchScreen.xib; sourceTree = "<group>"; };
		9D1B3AEF1AC4CBE200ADC015 /* datePickTests.xctest */ = {isa = PBXFileReference; explicitFileType = wrapper.cfbundle; includeInIndex = 0; path = datePickTests.xctest; sourceTree = BUILT_PRODUCTS_DIR; };
		9D1B3AF41AC4CBE200ADC015 /* Info.plist */ = {isa = PBXFileReference; lastKnownFileType = text.plist.xml; path = Info.plist; sourceTree = "<group>"; };
		9D1B3AF51AC4CBE200ADC015 /* datePickTests.swift */ = {isa = PBXFileReference; lastKnownFileType = sourcecode.swift; path = datePickTests.swift; sourceTree = "<group>"; };
/* End PBXFileReference section */

/* Begin PBXFrameworksBuildPhase section */
		9D1B3AD71AC4CBE200ADC015 /* Frameworks */ = {
			isa = PBXFrameworksBuildPhase;
			buildActionMask = 2147483647;
			files = (
			);
			runOnlyForDeploymentPostprocessing = 0;
		};
		9D1B3AEC1AC4CBE200ADC015 /* Frameworks */ = {
			isa = PBXFrameworksBuildPhase;
			buildActionMask = 2147483647;
			files = (
			);
			runOnlyForDeploymentPostprocessing = 0;
		};
/* End PBXFrameworksBuildPhase section */

/* Begin PBXGroup section */
		9D1B3AD11AC4CBE200ADC015 = {
			isa = PBXGroup;
			children = (
				9D1B3ADC1AC4CBE200ADC015 /* datePick */,
				9D1B3AF21AC4CBE200ADC015 /* datePickTests */,
				9D1B3ADB1AC4CBE200ADC015 /* Products */,
			);
			sourceTree = "<group>";
		};
		9D1B3ADB1AC4CBE200ADC015 /* Products */ = {
			isa = PBXGroup;
			children = (
				9D1B3ADA1AC4CBE200ADC015 /* datePick.app */,
				9D1B3AEF1AC4CBE200ADC015 /* datePickTests.xctest */,
			);
			name = Products;
			sourceTree = "<group>";
		};
		9D1B3ADC1AC4CBE200ADC015 /* datePick */ = {
			isa = PBXGroup;
			children = (
				9D1B3ADF1AC4CBE200ADC015 /* AppDelegate.swift */,
				9D1B3AE11AC4CBE200ADC015 /* ViewController.swift */,
				9D1B3AE31AC4CBE200ADC015 /* Main.storyboard */,
				9D1B3AE61AC4CBE200ADC015 /* Images.xcassets */,
				9D1B3AE81AC4CBE200ADC015 /* LaunchScreen.xib */,
				9D1B3ADD1AC4CBE200ADC015 /* Supporting Files */,
			);
			path = datePick;
			sourceTree = "<group>";
		};
		9D1B3ADD1AC4CBE200ADC015 /* Supporting Files */ = {
			isa = PBXGroup;
			children = (
				9D1B3ADE1AC4CBE200ADC015 /* Info.plist */,
			);
			name = "Supporting Files";
			sourceTree = "<group>";
		};
		9D1B3AF21AC4CBE200ADC015 /* datePickTests */ = {
			isa = PBXGroup;
			children = (
				9D1B3AF51AC4CBE200ADC015 /* datePickTests.swift */,
				9D1B3AF31AC4CBE200ADC015 /* Supporting Files */,
			);
			path = datePickTests;
			sourceTree = "<group>";
		};
		9D1B3AF31AC4CBE200ADC015 /* Supporting Files */ = {
			isa = PBXGroup;
			children = (
				9D1B3AF41AC4CBE200ADC015 /* Info.plist */,
			);
			name = "Supporting Files";
			sourceTree = "<group>";
		};
/* End PBXGroup section */

/* Begin PBXNativeTarget section */
		9D1B3AD91AC4CBE200ADC015 /* datePick */ = {
			isa = PBXNativeTarget;
			buildConfigurationList = 9D1B3AF91AC4CBE200ADC015 /* Build configuration list for PBXNativeTarget "datePick" */;
			buildPhases = (
				9D1B3AD61AC4CBE200ADC015 /* Sources */,
				9D1B3AD71AC4CBE200ADC015 /* Frameworks */,
				9D1B3AD81AC4CBE200ADC015 /* Resources */,
			);
			buildRules = (
			);
			dependencies = (
			);
			name = datePick;
			productName = datePick;
			productReference = 9D1B3ADA1AC4CBE200ADC015 /* datePick.app */;
			productType = "com.apple.product-type.application";
		};
		9D1B3AEE1AC4CBE200ADC015 /* datePickTests */ = {
			isa = PBXNativeTarget;
			buildConfigurationList = 9D1B3AFC1AC4CBE200ADC015 /* Build configuration list for PBXNativeTarget "datePickTests" */;
			buildPhases = (
				9D1B3AEB1AC4CBE200ADC015 /* Sources */,
				9D1B3AEC1AC4CBE200ADC015 /* Frameworks */,
				9D1B3AED1AC4CBE200ADC015 /* Resources */,
			);
			buildRules = (
			);
			dependencies = (
				9D1B3AF11AC4CBE200ADC015 /* PBXTargetDependency */,
			);
			name = datePickTests;
			productName = datePickTests;
			productReference = 9D1B3AEF1AC4CBE200ADC015 /* datePickTests.xctest */;
			productType = "com.apple.product-type.bundle.unit-test";
		};
/* End PBXNativeTarget section */

/* Begin PBXProject section */
		9D1B3AD21AC4CBE200ADC015 /* Project object */ = {
			isa = PBXProject;
			attributes = {
				LastUpgradeCheck = 0620;
				ORGANIZATIONNAME = "Travis Delly";
				TargetAttributes = {
					9D1B3AD91AC4CBE200ADC015 = {
						CreatedOnToolsVersion = 6.2;
					};
					9D1B3AEE1AC4CBE200ADC015 = {
						CreatedOnToolsVersion = 6.2;
						TestTargetID = 9D1B3AD91AC4CBE200ADC015;
					};
				};
			};
			buildConfigurationList = 9D1B3AD51AC4CBE200ADC015 /* Build configuration list for PBXProject "datePick" */;
			compatibilityVersion = "Xcode 3.2";
			developmentRegion = English;
			hasScannedForEncodings = 0;
			knownRegions = (
				en,
				Base,
			);
			mainGroup = 9D1B3AD11AC4CBE200ADC015;
			productRefGroup = 9D1B3ADB1AC4CBE200ADC015 /* Products */;
			projectDirPath = "";
			projectRoot = "";
			targets = (
				9D1B3AD91AC4CBE200ADC015 /* datePick */,
				9D1B3AEE1AC4CBE200ADC015 /* datePickTests */,
			);
		};
/* End PBXProject section */

/* Begin PBXResourcesBuildPhase section */
		9D1B3AD81AC4CBE200ADC015 /* Resources */ = {
			isa = PBXResourcesBuildPhase;
			buildActionMask = 2147483647;
			files = (
				9D1B3AE51AC4CBE200ADC015 /* Main.storyboard in Resources */,
				9D1B3AEA1AC4CBE200ADC015 /* LaunchScreen.xib in Resources */,
				9D1B3AE71AC4CBE200ADC015 /* Images.xcassets in Resources */,
			);
			runOnlyForDeploymentPostprocessing = 0;
		};
		9D1B3AED1AC4CBE200ADC015 /* Resources */ = {
			isa = PBXResourcesBuildPhase;
			buildActionMask = 2147483647;
			files = (
			);
			runOnlyForDeploymentPostprocessing = 0;
		};
/* End PBXResourcesBuildPhase section */

/* Begin PBXSourcesBuildPhase section */
		9D1B3AD61AC4CBE200ADC015 /* Sources */ = {
			isa = PBXSourcesBuildPhase;
			buildActionMask = 2147483647;
			files = (
				9D1B3AE21AC4CBE200ADC015 /* ViewController.swift in Sources */,
				9D1B3AE01AC4CBE200ADC015 /* AppDelegate.swift in Sources */,
			);
			runOnlyForDeploymentPostprocessing = 0;
		};
		9D1B3AEB1AC4CBE200ADC015 /* Sources */ = {
			isa = PBXSourcesBuildPhase;
			buildActionMask = 2147483647;
			files = (
				9D1B3AF61AC4CBE200ADC015 /* datePickTests.swift in Sources */,
			);
			runOnlyForDeploymentPostprocessing = 0;
		};
/* End PBXSourcesBuildPhase section */

/* Begin PBXTargetDependency section */
		9D1B3AF11AC4CBE200ADC015 /* PBXTargetDependency */ = {
			isa = PBXTargetDependency;
			target = 9D1B3AD91AC4CBE200ADC015 /* datePick */;
			targetProxy = 9D1B3AF01AC4CBE200ADC015 /* PBXContainerItemProxy */;
		};
/* End PBXTargetDependency section */

/* Begin PBXVariantGroup section */
		9D1B3AE31AC4CBE200ADC015 /* Main.storyboard */ = {
			isa = PBXVariantGroup;
			children = (
				9D1B3AE41AC4CBE200ADC015 /* Base */,
			);
			name = Main.storyboard;
			sourceTree = "<group>";
		};
		9D1B3AE81AC4CBE200ADC015 /* LaunchScreen.xib */ = {
			isa = PBXVariantGroup;
			children = (
				9D1B3AE91AC4CBE200ADC015 /* Base */,
			);
			name = LaunchScreen.xib;
			sourceTree = "<group>";
		};
/* End PBXVariantGroup section */

/* Begin XCBuildConfiguration section */
		9D1B3AF71AC4CBE200ADC015 /* Debug */ = {
			isa = XCBuildConfiguration;
			buildSettings = {
				ALWAYS_SEARCH_USER_PATHS = NO;
				CLANG_CXX_LANGUAGE_STANDARD = "gnu++0x";
				CLANG_CXX_LIBRARY = "libc++";
				CLANG_ENABLE_MODULES = YES;
				CLANG_ENABLE_OBJC_ARC = YES;
				CLANG_WARN_BOOL_CONVERSION = YES;
				CLANG_WARN_CONSTANT_CONVERSION = YES;
				CLANG_WARN_DIRECT_OBJC_ISA_USAGE = YES_ERROR;
				CLANG_WARN_EMPTY_BODY = YES;
				CLANG_WARN_ENUM_CONVERSION = YES;
				CLANG_WARN_INT_CONVERSION = YES;
				CLANG_WARN_OBJC_ROOT_CLASS = YES_ERROR;
				CLANG_WARN_UNREACHABLE_CODE = YES;
				CLANG_WARN__DUPLICATE_METHOD_MATCH = YES;
				"CODE_SIGN_IDENTITY[sdk=iphoneos*]" = "iPhone Developer";
				COPY_PHASE_STRIP = NO;
				ENABLE_STRICT_OBJC_MSGSEND = YES;
				GCC_C_LANGUAGE_STANDARD = gnu99;
				GCC_DYNAMIC_NO_PIC = NO;
				GCC_OPTIMIZATION_LEVEL = 0;
				GCC_PREPROCESSOR_DEFINITIONS = (
					"DEBUG=1",
					"$(inherited)",
				);
				GCC_SYMBOLS_PRIVATE_EXTERN = NO;
				GCC_WARN_64_TO_32_BIT_CONVERSION = YES;
				GCC_WARN_ABOUT_RETURN_TYPE = YES_ERROR;
				GCC_WARN_UNDECLARED_SELECTOR = YES;
				GCC_WARN_UNINITIALIZED_AUTOS = YES_AGGRESSIVE;
				GCC_WARN_UNUSED_FUNCTION = YES;
				GCC_WARN_UNUSED_VARIABLE = YES;
				IPHONEOS_DEPLOYMENT_TARGET = 8.2;
				MTL_ENABLE_DEBUG_INFO = YES;
				ONLY_ACTIVE_ARCH = YES;
				SDKROOT = iphoneos;
				SWIFT_OPTIMIZATION_LEVEL = "-Onone";
			};
			name = Debug;
		};
		9D1B3AF81AC4CBE200ADC015 /* Release */ = {
			isa = XCBuildConfiguration;
			buildSettings = {
				ALWAYS_SEARCH_USER_PATHS = NO;
				CLANG_CXX_LANGUAGE_STANDARD = "gnu++0x";
				CLANG_CXX_LIBRARY = "libc++";
				CLANG_ENABLE_MODULES = YES;
				CLANG_ENABLE_OBJC_ARC = YES;
				CLANG_WARN_BOOL_CONVERSION = YES;
				CLANG_WARN_CONSTANT_CONVERSION = YES;
				CLANG_WARN_DIRECT_OBJC_ISA_USAGE = YES_ERROR;
				CLANG_WARN_EMPTY_BODY = YES;
				CLANG_WARN_ENUM_CONVERSION = YES;
				CLANG_WARN_INT_CONVERSION = YES;
				CLANG_WARN_OBJC_ROOT_CLASS = YES_ERROR;
				CLANG_WARN_UNREACHABLE_CODE = YES;
				CLANG_WARN__DUPLICATE_METHOD_MATCH = YES;
				"CODE_SIGN_IDENTITY[sdk=iphoneos*]" = "iPhone Developer";
				COPY_PHASE_STRIP = NO;
				ENABLE_NS_ASSERTIONS = NO;
				ENABLE_STRICT_OBJC_MSGSEND = YES;
				GCC_C_LANGUAGE_STANDARD = gnu99;
				GCC_WARN_64_TO_32_BIT_CONVERSION = YES;
				GCC_WARN_ABOUT_RETURN_TYPE = YES_ERROR;
				GCC_WARN_UNDECLARED_SELECTOR = YES;
				GCC_WARN_UNINITIALIZED_AUTOS = YES_AGGRESSIVE;
				GCC_WARN_UNUSED_FUNCTION = YES;
				GCC_WARN_UNUSED_VARIABLE = YES;
				IPHONEOS_DEPLOYMENT_TARGET = 8.2;
				MTL_ENABLE_DEBUG_INFO = NO;
				SDKROOT = iphoneos;
				VALIDATE_PRODUCT = YES;
			};
			name = Release;
		};
		9D1B3AFA1AC4CBE200ADC015 /* Debug */ = {
			isa = XCBuildConfiguration;
			buildSettings = {
				ASSETCATALOG_COMPILER_APPICON_NAME = AppIcon;
				INFOPLIST_FILE = datePick/Info.plist;
				LD_RUNPATH_SEARCH_PATHS = "$(inherited) @executable_path/Frameworks";
				PRODUCT_NAME = "$(TARGET_NAME)";
			};
			name = Debug;
		};
		9D1B3AFB1AC4CBE200ADC015 /* Release */ = {
			isa = XCBuildConfiguration;
			buildSettings = {
				ASSETCATALOG_COMPILER_APPICON_NAME = AppIcon;
				INFOPLIST_FILE = datePick/Info.plist;
				LD_RUNPATH_SEARCH_PATHS = "$(inherited) @executable_path/Frameworks";
				PRODUCT_NAME = "$(TARGET_NAME)";
			};
			name = Release;
		};
		9D1B3AFD1AC4CBE200ADC015 /* Debug */ = {
			isa = XCBuildConfiguration;
			buildSettings = {
				BUNDLE_LOADER = "$(TEST_HOST)";
				FRAMEWORK_SEARCH_PATHS = (
					"$(SDKROOT)/Developer/Library/Frameworks",
					"$(inherited)",
				);
				GCC_PREPROCESSOR_DEFINITIONS = (
					"DEBUG=1",
					"$(inherited)",
				);
				INFOPLIST_FILE = datePickTests/Info.plist;
				LD_RUNPATH_SEARCH_PATHS = "$(inherited) @executable_path/Frameworks @loader_path/Frameworks";
				PRODUCT_NAME = "$(TARGET_NAME)";
				TEST_HOST = "$(BUILT_PRODUCTS_DIR)/datePick.app/datePick";
			};
			name = Debug;
		};
		9D1B3AFE1AC4CBE200ADC015 /* Release */ = {
			isa = XCBuildConfiguration;
			buildSettings = {
				BUNDLE_LOADER = "$(TEST_HOST)";
				FRAMEWORK_SEARCH_PATHS = (
					"$(SDKROOT)/Developer/Library/Frameworks",
					"$(inherited)",
				);
				INFOPLIST_FILE = datePickTests/Info.plist;
				LD_RUNPATH_SEARCH_PATHS = "$(inherited) @executable_path/Frameworks @loader_path/Frameworks";
				PRODUCT_NAME = "$(TARGET_NAME)";
				TEST_HOST = "$(BUILT_PRODUCTS_DIR)/datePick.app/datePick";
			};
			name = Release;
		};
/* End XCBuildConfiguration section */

/* Begin XCConfigurationList section */
		9D1B3AD51AC4CBE200ADC015 /* Build configuration list for PBXProject "datePick" */ = {
			isa = XCConfigurationList;
			buildConfigurations = (
				9D1B3AF71AC4CBE200ADC015 /* Debug */,
				9D1B3AF81AC4CBE200ADC015 /* Release */,
			);
			defaultConfigurationIsVisible = 0;
			defaultConfigurationName = Release;
		};
		9D1B3AF91AC4CBE200ADC015 /* Build configuration list for PBXNativeTarget "datePick" */ = {
			isa = XCConfigurationList;
			buildConfigurations = (
				9D1B3AFA1AC4CBE200ADC015 /* Debug */,
				9D1B3AFB1AC4CBE200ADC015 /* Release */,
			);
			defaultConfigurationIsVisible = 0;
		};
		9D1B3AFC1AC4CBE200ADC015 /* Build configuration list for PBXNativeTarget "datePickTests" */ = {
			isa = XCConfigurationList;
			buildConfigurations = (
				9D1B3AFD1AC4CBE200ADC015 /* Debug */,
				9D1B3AFE1AC4CBE200ADC015 /* Release */,
			);
			defaultConfigurationIsVisible = 0;
		};
/* End XCConfigurationList section */
	};
	rootObject = 9D1B3AD21AC4CBE200ADC015 /* Project object */;
}
