// !$*UTF8*$!
{
	archiveVersion = 1;
	classes = {
	};
	objectVersion = 46;
	objects = {

/* Begin PBXBuildFile section */
		9DCBAEE41ADC50E1002E9290 /* AppDelegate.swift in Sources */ = {isa = PBXBuildFile; fileRef = 9DCBAEE31ADC50E1002E9290 /* AppDelegate.swift */; };
		9DCBAEE61ADC50E1002E9290 /* ViewController.swift in Sources */ = {isa = PBXBuildFile; fileRef = 9DCBAEE51ADC50E1002E9290 /* ViewController.swift */; };
		9DCBAEE91ADC50E1002E9290 /* Main.storyboard in Resources */ = {isa = PBXBuildFile; fileRef = 9DCBAEE71ADC50E1002E9290 /* Main.storyboard */; };
		9DCBAEEB1ADC50E1002E9290 /* Images.xcassets in Resources */ = {isa = PBXBuildFile; fileRef = 9DCBAEEA1ADC50E1002E9290 /* Images.xcassets */; };
		9DCBAEEE1ADC50E1002E9290 /* LaunchScreen.xib in Resources */ = {isa = PBXBuildFile; fileRef = 9DCBAEEC1ADC50E1002E9290 /* LaunchScreen.xib */; };
		9DCBAEFA1ADC50E1002E9290 /* DJKappleTests.swift in Sources */ = {isa = PBXBuildFile; fileRef = 9DCBAEF91ADC50E1002E9290 /* DJKappleTests.swift */; };
/* End PBXBuildFile section */

/* Begin PBXContainerItemProxy section */
		9DCBAEF41ADC50E1002E9290 /* PBXContainerItemProxy */ = {
			isa = PBXContainerItemProxy;
			containerPortal = 9DCBAED61ADC50E1002E9290 /* Project object */;
			proxyType = 1;
			remoteGlobalIDString = 9DCBAEDD1ADC50E1002E9290;
			remoteInfo = DJKapple;
		};
/* End PBXContainerItemProxy section */

/* Begin PBXFileReference section */
		9DCBAEDE1ADC50E1002E9290 /* DJKapple.app */ = {isa = PBXFileReference; explicitFileType = wrapper.application; includeInIndex = 0; path = DJKapple.app; sourceTree = BUILT_PRODUCTS_DIR; };
		9DCBAEE21ADC50E1002E9290 /* Info.plist */ = {isa = PBXFileReference; lastKnownFileType = text.plist.xml; path = Info.plist; sourceTree = "<group>"; };
		9DCBAEE31ADC50E1002E9290 /* AppDelegate.swift */ = {isa = PBXFileReference; lastKnownFileType = sourcecode.swift; path = AppDelegate.swift; sourceTree = "<group>"; };
		9DCBAEE51ADC50E1002E9290 /* ViewController.swift */ = {isa = PBXFileReference; lastKnownFileType = sourcecode.swift; path = ViewController.swift; sourceTree = "<group>"; };
		9DCBAEE81ADC50E1002E9290 /* Base */ = {isa = PBXFileReference; lastKnownFileType = file.storyboard; name = Base; path = Base.lproj/Main.storyboard; sourceTree = "<group>"; };
		9DCBAEEA1ADC50E1002E9290 /* Images.xcassets */ = {isa = PBXFileReference; lastKnownFileType = folder.assetcatalog; path = Images.xcassets; sourceTree = "<group>"; };
		9DCBAEED1ADC50E1002E9290 /* Base */ = {isa = PBXFileReference; lastKnownFileType = file.xib; name = Base; path = Base.lproj/LaunchScreen.xib; sourceTree = "<group>"; };
		9DCBAEF31ADC50E1002E9290 /* DJKappleTests.xctest */ = {isa = PBXFileReference; explicitFileType = wrapper.cfbundle; includeInIndex = 0; path = DJKappleTests.xctest; sourceTree = BUILT_PRODUCTS_DIR; };
		9DCBAEF81ADC50E1002E9290 /* Info.plist */ = {isa = PBXFileReference; lastKnownFileType = text.plist.xml; path = Info.plist; sourceTree = "<group>"; };
		9DCBAEF91ADC50E1002E9290 /* DJKappleTests.swift */ = {isa = PBXFileReference; lastKnownFileType = sourcecode.swift; path = DJKappleTests.swift; sourceTree = "<group>"; };
/* End PBXFileReference section */

/* Begin PBXFrameworksBuildPhase section */
		9DCBAEDB1ADC50E1002E9290 /* Frameworks */ = {
			isa = PBXFrameworksBuildPhase;
			buildActionMask = 2147483647;
			files = (
			);
			runOnlyForDeploymentPostprocessing = 0;
		};
		9DCBAEF01ADC50E1002E9290 /* Frameworks */ = {
			isa = PBXFrameworksBuildPhase;
			buildActionMask = 2147483647;
			files = (
			);
			runOnlyForDeploymentPostprocessing = 0;
		};
/* End PBXFrameworksBuildPhase section */

/* Begin PBXGroup section */
		9DCBAED51ADC50E1002E9290 = {
			isa = PBXGroup;
			children = (
				9DCBAEE01ADC50E1002E9290 /* DJKapple */,
				9DCBAEF61ADC50E1002E9290 /* DJKappleTests */,
				9DCBAEDF1ADC50E1002E9290 /* Products */,
			);
			sourceTree = "<group>";
		};
		9DCBAEDF1ADC50E1002E9290 /* Products */ = {
			isa = PBXGroup;
			children = (
				9DCBAEDE1ADC50E1002E9290 /* DJKapple.app */,
				9DCBAEF31ADC50E1002E9290 /* DJKappleTests.xctest */,
			);
			name = Products;
			sourceTree = "<group>";
		};
		9DCBAEE01ADC50E1002E9290 /* DJKapple */ = {
			isa = PBXGroup;
			children = (
				9DCBAEE31ADC50E1002E9290 /* AppDelegate.swift */,
				9DCBAEE51ADC50E1002E9290 /* ViewController.swift */,
				9DCBAEE71ADC50E1002E9290 /* Main.storyboard */,
				9DCBAEEA1ADC50E1002E9290 /* Images.xcassets */,
				9DCBAEEC1ADC50E1002E9290 /* LaunchScreen.xib */,
				9DCBAEE11ADC50E1002E9290 /* Supporting Files */,
			);
			path = DJKapple;
			sourceTree = "<group>";
		};
		9DCBAEE11ADC50E1002E9290 /* Supporting Files */ = {
			isa = PBXGroup;
			children = (
				9DCBAEE21ADC50E1002E9290 /* Info.plist */,
			);
			name = "Supporting Files";
			sourceTree = "<group>";
		};
		9DCBAEF61ADC50E1002E9290 /* DJKappleTests */ = {
			isa = PBXGroup;
			children = (
				9DCBAEF91ADC50E1002E9290 /* DJKappleTests.swift */,
				9DCBAEF71ADC50E1002E9290 /* Supporting Files */,
			);
			path = DJKappleTests;
			sourceTree = "<group>";
		};
		9DCBAEF71ADC50E1002E9290 /* Supporting Files */ = {
			isa = PBXGroup;
			children = (
				9DCBAEF81ADC50E1002E9290 /* Info.plist */,
			);
			name = "Supporting Files";
			sourceTree = "<group>";
		};
/* End PBXGroup section */

/* Begin PBXNativeTarget section */
		9DCBAEDD1ADC50E1002E9290 /* DJKapple */ = {
			isa = PBXNativeTarget;
			buildConfigurationList = 9DCBAEFD1ADC50E1002E9290 /* Build configuration list for PBXNativeTarget "DJKapple" */;
			buildPhases = (
				9DCBAEDA1ADC50E1002E9290 /* Sources */,
				9DCBAEDB1ADC50E1002E9290 /* Frameworks */,
				9DCBAEDC1ADC50E1002E9290 /* Resources */,
			);
			buildRules = (
			);
			dependencies = (
			);
			name = DJKapple;
			productName = DJKapple;
			productReference = 9DCBAEDE1ADC50E1002E9290 /* DJKapple.app */;
			productType = "com.apple.product-type.application";
		};
		9DCBAEF21ADC50E1002E9290 /* DJKappleTests */ = {
			isa = PBXNativeTarget;
			buildConfigurationList = 9DCBAF001ADC50E1002E9290 /* Build configuration list for PBXNativeTarget "DJKappleTests" */;
			buildPhases = (
				9DCBAEEF1ADC50E1002E9290 /* Sources */,
				9DCBAEF01ADC50E1002E9290 /* Frameworks */,
				9DCBAEF11ADC50E1002E9290 /* Resources */,
			);
			buildRules = (
			);
			dependencies = (
				9DCBAEF51ADC50E1002E9290 /* PBXTargetDependency */,
			);
			name = DJKappleTests;
			productName = DJKappleTests;
			productReference = 9DCBAEF31ADC50E1002E9290 /* DJKappleTests.xctest */;
			productType = "com.apple.product-type.bundle.unit-test";
		};
/* End PBXNativeTarget section */

/* Begin PBXProject section */
		9DCBAED61ADC50E1002E9290 /* Project object */ = {
			isa = PBXProject;
			attributes = {
				LastUpgradeCheck = 0630;
				ORGANIZATIONNAME = "Travis Delly";
				TargetAttributes = {
					9DCBAEDD1ADC50E1002E9290 = {
						CreatedOnToolsVersion = 6.3;
					};
					9DCBAEF21ADC50E1002E9290 = {
						CreatedOnToolsVersion = 6.3;
						TestTargetID = 9DCBAEDD1ADC50E1002E9290;
					};
				};
			};
			buildConfigurationList = 9DCBAED91ADC50E1002E9290 /* Build configuration list for PBXProject "DJKapple" */;
			compatibilityVersion = "Xcode 3.2";
			developmentRegion = English;
			hasScannedForEncodings = 0;
			knownRegions = (
				en,
				Base,
			);
			mainGroup = 9DCBAED51ADC50E1002E9290;
			productRefGroup = 9DCBAEDF1ADC50E1002E9290 /* Products */;
			projectDirPath = "";
			projectRoot = "";
			targets = (
				9DCBAEDD1ADC50E1002E9290 /* DJKapple */,
				9DCBAEF21ADC50E1002E9290 /* DJKappleTests */,
			);
		};
/* End PBXProject section */

/* Begin PBXResourcesBuildPhase section */
		9DCBAEDC1ADC50E1002E9290 /* Resources */ = {
			isa = PBXResourcesBuildPhase;
			buildActionMask = 2147483647;
			files = (
				9DCBAEE91ADC50E1002E9290 /* Main.storyboard in Resources */,
				9DCBAEEE1ADC50E1002E9290 /* LaunchScreen.xib in Resources */,
				9DCBAEEB1ADC50E1002E9290 /* Images.xcassets in Resources */,
			);
			runOnlyForDeploymentPostprocessing = 0;
		};
		9DCBAEF11ADC50E1002E9290 /* Resources */ = {
			isa = PBXResourcesBuildPhase;
			buildActionMask = 2147483647;
			files = (
			);
			runOnlyForDeploymentPostprocessing = 0;
		};
/* End PBXResourcesBuildPhase section */

/* Begin PBXSourcesBuildPhase section */
		9DCBAEDA1ADC50E1002E9290 /* Sources */ = {
			isa = PBXSourcesBuildPhase;
			buildActionMask = 2147483647;
			files = (
				9DCBAEE61ADC50E1002E9290 /* ViewController.swift in Sources */,
				9DCBAEE41ADC50E1002E9290 /* AppDelegate.swift in Sources */,
			);
			runOnlyForDeploymentPostprocessing = 0;
		};
		9DCBAEEF1ADC50E1002E9290 /* Sources */ = {
			isa = PBXSourcesBuildPhase;
			buildActionMask = 2147483647;
			files = (
				9DCBAEFA1ADC50E1002E9290 /* DJKappleTests.swift in Sources */,
			);
			runOnlyForDeploymentPostprocessing = 0;
		};
/* End PBXSourcesBuildPhase section */

/* Begin PBXTargetDependency section */
		9DCBAEF51ADC50E1002E9290 /* PBXTargetDependency */ = {
			isa = PBXTargetDependency;
			target = 9DCBAEDD1ADC50E1002E9290 /* DJKapple */;
			targetProxy = 9DCBAEF41ADC50E1002E9290 /* PBXContainerItemProxy */;
		};
/* End PBXTargetDependency section */

/* Begin PBXVariantGroup section */
		9DCBAEE71ADC50E1002E9290 /* Main.storyboard */ = {
			isa = PBXVariantGroup;
			children = (
				9DCBAEE81ADC50E1002E9290 /* Base */,
			);
			name = Main.storyboard;
			sourceTree = "<group>";
		};
		9DCBAEEC1ADC50E1002E9290 /* LaunchScreen.xib */ = {
			isa = PBXVariantGroup;
			children = (
				9DCBAEED1ADC50E1002E9290 /* Base */,
			);
			name = LaunchScreen.xib;
			sourceTree = "<group>";
		};
/* End PBXVariantGroup section */

/* Begin XCBuildConfiguration section */
		9DCBAEFB1ADC50E1002E9290 /* Debug */ = {
			isa = XCBuildConfiguration;
			buildSettings = {
				ALWAYS_SEARCH_USER_PATHS = NO;
				CLANG_CXX_LANGUAGE_STANDARD = "gnu++0x";
				CLANG_CXX_LIBRARY = "libc++";
				CLANG_ENABLE_MODULES = YES;
				CLANG_ENABLE_OBJC_ARC = YES;
				CLANG_WARN_BOOL_CONVERSION = YES;
				CLANG_WARN_CONSTANT_CONVERSION = YES;
				CLANG_WARN_DIRECT_OBJC_ISA_USAGE = YES_ERROR;
				CLANG_WARN_EMPTY_BODY = YES;
				CLANG_WARN_ENUM_CONVERSION = YES;
				CLANG_WARN_INT_CONVERSION = YES;
				CLANG_WARN_OBJC_ROOT_CLASS = YES_ERROR;
				CLANG_WARN_UNREACHABLE_CODE = YES;
				CLANG_WARN__DUPLICATE_METHOD_MATCH = YES;
				"CODE_SIGN_IDENTITY[sdk=iphoneos*]" = "iPhone Developer";
				COPY_PHASE_STRIP = NO;
				DEBUG_INFORMATION_FORMAT = "dwarf-with-dsym";
				ENABLE_STRICT_OBJC_MSGSEND = YES;
				GCC_C_LANGUAGE_STANDARD = gnu99;
				GCC_DYNAMIC_NO_PIC = NO;
				GCC_NO_COMMON_BLOCKS = YES;
				GCC_OPTIMIZATION_LEVEL = 0;
				GCC_PREPROCESSOR_DEFINITIONS = (
					"DEBUG=1",
					"$(inherited)",
				);
				GCC_SYMBOLS_PRIVATE_EXTERN = NO;
				GCC_WARN_64_TO_32_BIT_CONVERSION = YES;
				GCC_WARN_ABOUT_RETURN_TYPE = YES_ERROR;
				GCC_WARN_UNDECLARED_SELECTOR = YES;
				GCC_WARN_UNINITIALIZED_AUTOS = YES_AGGRESSIVE;
				GCC_WARN_UNUSED_FUNCTION = YES;
				GCC_WARN_UNUSED_VARIABLE = YES;
				IPHONEOS_DEPLOYMENT_TARGET = 8.3;
				MTL_ENABLE_DEBUG_INFO = YES;
				ONLY_ACTIVE_ARCH = YES;
				SDKROOT = iphoneos;
				SWIFT_OPTIMIZATION_LEVEL = "-Onone";
			};
			name = Debug;
		};
		9DCBAEFC1ADC50E1002E9290 /* Release */ = {
			isa = XCBuildConfiguration;
			buildSettings = {
				ALWAYS_SEARCH_USER_PATHS = NO;
				CLANG_CXX_LANGUAGE_STANDARD = "gnu++0x";
				CLANG_CXX_LIBRARY = "libc++";
				CLANG_ENABLE_MODULES = YES;
				CLANG_ENABLE_OBJC_ARC = YES;
				CLANG_WARN_BOOL_CONVERSION = YES;
				CLANG_WARN_CONSTANT_CONVERSION = YES;
				CLANG_WARN_DIRECT_OBJC_ISA_USAGE = YES_ERROR;
				CLANG_WARN_EMPTY_BODY = YES;
				CLANG_WARN_ENUM_CONVERSION = YES;
				CLANG_WARN_INT_CONVERSION = YES;
				CLANG_WARN_OBJC_ROOT_CLASS = YES_ERROR;
				CLANG_WARN_UNREACHABLE_CODE = YES;
				CLANG_WARN__DUPLICATE_METHOD_MATCH = YES;
				"CODE_SIGN_IDENTITY[sdk=iphoneos*]" = "iPhone Developer";
				COPY_PHASE_STRIP = NO;
				DEBUG_INFORMATION_FORMAT = "dwarf-with-dsym";
				ENABLE_NS_ASSERTIONS = NO;
				ENABLE_STRICT_OBJC_MSGSEND = YES;
				GCC_C_LANGUAGE_STANDARD = gnu99;
				GCC_NO_COMMON_BLOCKS = YES;
				GCC_WARN_64_TO_32_BIT_CONVERSION = YES;
				GCC_WARN_ABOUT_RETURN_TYPE = YES_ERROR;
				GCC_WARN_UNDECLARED_SELECTOR = YES;
				GCC_WARN_UNINITIALIZED_AUTOS = YES_AGGRESSIVE;
				GCC_WARN_UNUSED_FUNCTION = YES;
				GCC_WARN_UNUSED_VARIABLE = YES;
				IPHONEOS_DEPLOYMENT_TARGET = 8.3;
				MTL_ENABLE_DEBUG_INFO = NO;
				SDKROOT = iphoneos;
				VALIDATE_PRODUCT = YES;
			};
			name = Release;
		};
		9DCBAEFE1ADC50E1002E9290 /* Debug */ = {
			isa = XCBuildConfiguration;
			buildSettings = {
				ASSETCATALOG_COMPILER_APPICON_NAME = AppIcon;
				INFOPLIST_FILE = DJKapple/Info.plist;
				LD_RUNPATH_SEARCH_PATHS = "$(inherited) @executable_path/Frameworks";
				PRODUCT_NAME = "$(TARGET_NAME)";
			};
			name = Debug;
		};
		9DCBAEFF1ADC50E1002E9290 /* Release */ = {
			isa = XCBuildConfiguration;
			buildSettings = {
				ASSETCATALOG_COMPILER_APPICON_NAME = AppIcon;
				INFOPLIST_FILE = DJKapple/Info.plist;
				LD_RUNPATH_SEARCH_PATHS = "$(inherited) @executable_path/Frameworks";
				PRODUCT_NAME = "$(TARGET_NAME)";
			};
			name = Release;
		};
		9DCBAF011ADC50E1002E9290 /* Debug */ = {
			isa = XCBuildConfiguration;
			buildSettings = {
				BUNDLE_LOADER = "$(TEST_HOST)";
				FRAMEWORK_SEARCH_PATHS = (
					"$(SDKROOT)/Developer/Library/Frameworks",
					"$(inherited)",
				);
				GCC_PREPROCESSOR_DEFINITIONS = (
					"DEBUG=1",
					"$(inherited)",
				);
				INFOPLIST_FILE = DJKappleTests/Info.plist;
				LD_RUNPATH_SEARCH_PATHS = "$(inherited) @executable_path/Frameworks @loader_path/Frameworks";
				PRODUCT_NAME = "$(TARGET_NAME)";
				TEST_HOST = "$(BUILT_PRODUCTS_DIR)/DJKapple.app/DJKapple";
			};
			name = Debug;
		};
		9DCBAF021ADC50E1002E9290 /* Release */ = {
			isa = XCBuildConfiguration;
			buildSettings = {
				BUNDLE_LOADER = "$(TEST_HOST)";
				FRAMEWORK_SEARCH_PATHS = (
					"$(SDKROOT)/Developer/Library/Frameworks",
					"$(inherited)",
				);
				INFOPLIST_FILE = DJKappleTests/Info.plist;
				LD_RUNPATH_SEARCH_PATHS = "$(inherited) @executable_path/Frameworks @loader_path/Frameworks";
				PRODUCT_NAME = "$(TARGET_NAME)";
				TEST_HOST = "$(BUILT_PRODUCTS_DIR)/DJKapple.app/DJKapple";
			};
			name = Release;
		};
/* End XCBuildConfiguration section */

/* Begin XCConfigurationList section */
		9DCBAED91ADC50E1002E9290 /* Build configuration list for PBXProject "DJKapple" */ = {
			isa = XCConfigurationList;
			buildConfigurations = (
				9DCBAEFB1ADC50E1002E9290 /* Debug */,
				9DCBAEFC1ADC50E1002E9290 /* Release */,
			);
			defaultConfigurationIsVisible = 0;
			defaultConfigurationName = Release;
		};
		9DCBAEFD1ADC50E1002E9290 /* Build configuration list for PBXNativeTarget "DJKapple" */ = {
			isa = XCConfigurationList;
			buildConfigurations = (
				9DCBAEFE1ADC50E1002E9290 /* Debug */,
				9DCBAEFF1ADC50E1002E9290 /* Release */,
			);
			defaultConfigurationIsVisible = 0;
		};
		9DCBAF001ADC50E1002E9290 /* Build configuration list for PBXNativeTarget "DJKappleTests" */ = {
			isa = XCConfigurationList;
			buildConfigurations = (
				9DCBAF011ADC50E1002E9290 /* Debug */,
				9DCBAF021ADC50E1002E9290 /* Release */,
			);
			defaultConfigurationIsVisible = 0;
		};
/* End XCConfigurationList section */
	};
	rootObject = 9DCBAED61ADC50E1002E9290 /* Project object */;
}
